{
  "name": "pdDraw",
  "lockfileVersion": 3,
  "requires": true,
  "packages": {
    "": {
      "dependencies": {
        "color-diff": "^1.4.0",
        "fast-pixelizer": "^1.2.0"
      }
    },
    "node_modules/color-diff": {
      "version": "1.4.0",
      "resolved": "https://registry.npmmirror.com/color-diff/-/color-diff-1.4.0.tgz",
      "integrity": "sha512-4oDB/o78lNdppbaqrg0HjOp7pHmUc+dfCxWKWFnQg6AB/1dkjtBDop3RZht5386cq9xBUDRvDvSCA7WUlM9Jqw=="
    },
    "node_modules/fast-pixelizer": {
      "version": "1.2.0",
      "resolved": "https://registry.npmmirror.com/fast-pixelizer/-/fast-pixelizer-1.2.0.tgz",
      "integrity": "sha512-dd+cCIIyS0kXee6R9cCXf46ug+w7GhO5M3lCBSu9O5uLpPkXZNM/G3HXnFSEE5VqEm6hzYw0+hwe9PQUjlGI0g=="
    }
  }
}
